// !$*UTF8*$!
{
	archiveVersion = 1;
	classes = {
	};
	objectVersion = 45;
	objects = {

/* Begin PBXBuildFile section */
		0F0C949E0E514AE200B233E8 /* ReaperTests.cpp in Sources */ = {isa = PBXBuildFile; fileRef = 0F0C94890E514A8800B233E8 /* ReaperTests.cpp */; };
		0F0C949F0E514AE200B233E8 /* TestRunner.cpp in Sources */ = {isa = PBXBuildFile; fileRef = 0F0C948B0E514A8800B233E8 /* TestRunner.cpp */; };
		0F0C94A90E514AEF00B233E8 /* Random.cpp in Sources */ = {isa = PBXBuildFile; fileRef = 0FFF64590E4FE38E00404828 /* Random.cpp */; };
		0F0C963F0E51620100B233E8 /* SlicerTests.cpp in Sources */ = {isa = PBXBuildFile; fileRef = 0F0C963E0E51620100B233E8 /* SlicerTests.cpp */; };
		0F63B1030E5E6A54005793DE /* MTDocumentController.m in Sources */ = {isa = PBXBuildFile; fileRef = 0F63B1020E5E6A54005793DE /* MTDocumentController.m */; };
		0F8C67AA0E5E5A5900A72FC1 /* NSStringAdditions.m in Sources */ = {isa = PBXBuildFile; fileRef = 0F8C67A90E5E5A5900A72FC1 /* NSStringAdditions.m */; };
		0F9DE5D60E575DAD00E86DD6 /* MTWorldController.mm in Sources */ = {isa = PBXBuildFile; fileRef = 0F9DE5D50E575DAD00E86DD6 /* MTWorldController.mm */; };
		0F9DE5DA0E575DB300E86DD6 /* MacTierraDocument.mm in Sources */ = {isa = PBXBuildFile; fileRef = 0F9DE5D90E575DB300E86DD6 /* MacTierraDocument.mm */; };
		0F9DE5DE0E575DB800E86DD6 /* MTSoupView.mm in Sources */ = {isa = PBXBuildFile; fileRef = 0F9DE5DD0E575DB800E86DD6 /* MTSoupView.mm */; };
		0F9DE5E60E575FDB00E86DD6 /* MTCompositedGLView.m in Sources */ = {isa = PBXBuildFile; fileRef = 0F9DE5E40E575FDB00E86DD6 /* MTCompositedGLView.m */; };
		0F9DE6550E57795B00E86DD6 /* OpenGL.framework in Frameworks */ = {isa = PBXBuildFile; fileRef = 0F9DE6540E57795B00E86DD6 /* OpenGL.framework */; };
		0F9DEE3E0E57CDCD00E86DD6 /* CPUTests.cpp in Sources */ = {isa = PBXBuildFile; fileRef = 0F9DEE260E57CD4600E86DD6 /* CPUTests.cpp */; };
		0FA56BAB0E5A64E20001E997 /* Localizable.strings in Resources */ = {isa = PBXBuildFile; fileRef = 0FA56BAA0E5A64E20001E997 /* Localizable.strings */; };
		0FA56D370E5A8ACE0001E997 /* MTInstructionCountFormatter.m in Sources */ = {isa = PBXBuildFile; fileRef = 0FA56D360E5A8ACE0001E997 /* MTInstructionCountFormatter.m */; };
		0FB043FC0E5D2FCD0024DF67 /* MTInventoryGenotype.mm in Sources */ = {isa = PBXBuildFile; fileRef = 0FB043FA0E5D2FCD0024DF67 /* MTInventoryGenotype.mm */; };
		0FB0442B0E5D325B0024DF67 /* MTInventoryController.mm in Sources */ = {isa = PBXBuildFile; fileRef = 0FB0442A0E5D325B0024DF67 /* MTInventoryController.mm */; };
		0FB044E90E5D3B990024DF67 /* MTCreature.mm in Sources */ = {isa = PBXBuildFile; fileRef = 0FB044E80E5D3B990024DF67 /* MTCreature.mm */; };
		0FB90D330E52A72900449CC6 /* CellMapTests.cpp in Sources */ = {isa = PBXBuildFile; fileRef = 0FB90D320E52A72900449CC6 /* CellMapTests.cpp */; };
		0FBB06870E5A984B007F2A6B /* MT_TimeSlicer.cpp in Sources */ = {isa = PBXBuildFile; fileRef = 0FBB066E0E5A984B007F2A6B /* MT_TimeSlicer.cpp */; };
		0FBB06880E5A984B007F2A6B /* MT_CellMap.cpp in Sources */ = {isa = PBXBuildFile; fileRef = 0FBB06710E5A984B007F2A6B /* MT_CellMap.cpp */; };
		0FBB06890E5A984B007F2A6B /* MT_World.cpp in Sources */ = {isa = PBXBuildFile; fileRef = 0FBB06740E5A984B007F2A6B /* MT_World.cpp */; };
		0FBB068A0E5A984B007F2A6B /* MT_Cpu.cpp in Sources */ = {isa = PBXBuildFile; fileRef = 0FBB06760E5A984B007F2A6B /* MT_Cpu.cpp */; };
		0FBB068B0E5A984B007F2A6B /* MT_Creature.cpp in Sources */ = {isa = PBXBuildFile; fileRef = 0FBB06790E5A984B007F2A6B /* MT_Creature.cpp */; };
		0FBB068C0E5A984B007F2A6B /* MT_Soup.cpp in Sources */ = {isa = PBXBuildFile; fileRef = 0FBB067B0E5A984B007F2A6B /* MT_Soup.cpp */; };
		0FBB068D0E5A984B007F2A6B /* MT_ExecutionUnit.cpp in Sources */ = {isa = PBXBuildFile; fileRef = 0FBB067F0E5A984B007F2A6B /* MT_ExecutionUnit.cpp */; };
		0FBB068E0E5A984B007F2A6B /* MT_Reaper.cpp in Sources */ = {isa = PBXBuildFile; fileRef = 0FBB06800E5A984B007F2A6B /* MT_Reaper.cpp */; };
		0FBB068F0E5A984B007F2A6B /* MT_ExecutionUnit0.cpp in Sources */ = {isa = PBXBuildFile; fileRef = 0FBB06810E5A984B007F2A6B /* MT_ExecutionUnit0.cpp */; };
		0FBB06900E5A984B007F2A6B /* MT_Assert.cpp in Sources */ = {isa = PBXBuildFile; fileRef = 0FBB06830E5A984B007F2A6B /* MT_Assert.cpp */; };
		0FBB06910E5A984B007F2A6B /* MT_Ancestor.cpp in Sources */ = {isa = PBXBuildFile; fileRef = 0FBB06840E5A984B007F2A6B /* MT_Ancestor.cpp */; };
		0FBB06920E5A984B007F2A6B /* MT_TimeSlicer.cpp in Sources */ = {isa = PBXBuildFile; fileRef = 0FBB066E0E5A984B007F2A6B /* MT_TimeSlicer.cpp */; };
		0FBB06930E5A984B007F2A6B /* MT_CellMap.cpp in Sources */ = {isa = PBXBuildFile; fileRef = 0FBB06710E5A984B007F2A6B /* MT_CellMap.cpp */; };
		0FBB06940E5A984B007F2A6B /* MT_World.cpp in Sources */ = {isa = PBXBuildFile; fileRef = 0FBB06740E5A984B007F2A6B /* MT_World.cpp */; };
		0FBB06950E5A984B007F2A6B /* MT_Cpu.cpp in Sources */ = {isa = PBXBuildFile; fileRef = 0FBB06760E5A984B007F2A6B /* MT_Cpu.cpp */; };
		0FBB06960E5A984B007F2A6B /* MT_Creature.cpp in Sources */ = {isa = PBXBuildFile; fileRef = 0FBB06790E5A984B007F2A6B /* MT_Creature.cpp */; };
		0FBB06970E5A984B007F2A6B /* MT_Soup.cpp in Sources */ = {isa = PBXBuildFile; fileRef = 0FBB067B0E5A984B007F2A6B /* MT_Soup.cpp */; };
		0FBB06980E5A984B007F2A6B /* MT_ExecutionUnit.cpp in Sources */ = {isa = PBXBuildFile; fileRef = 0FBB067F0E5A984B007F2A6B /* MT_ExecutionUnit.cpp */; };
		0FBB06990E5A984B007F2A6B /* MT_Reaper.cpp in Sources */ = {isa = PBXBuildFile; fileRef = 0FBB06800E5A984B007F2A6B /* MT_Reaper.cpp */; };
		0FBB069A0E5A984B007F2A6B /* MT_ExecutionUnit0.cpp in Sources */ = {isa = PBXBuildFile; fileRef = 0FBB06810E5A984B007F2A6B /* MT_ExecutionUnit0.cpp */; };
		0FBB069B0E5A984B007F2A6B /* MT_Assert.cpp in Sources */ = {isa = PBXBuildFile; fileRef = 0FBB06830E5A984B007F2A6B /* MT_Assert.cpp */; };
		0FBB069C0E5A984B007F2A6B /* MT_Ancestor.cpp in Sources */ = {isa = PBXBuildFile; fileRef = 0FBB06840E5A984B007F2A6B /* MT_Ancestor.cpp */; };
		0FBB069D0E5A984B007F2A6B /* MT_TimeSlicer.cpp in Sources */ = {isa = PBXBuildFile; fileRef = 0FBB066E0E5A984B007F2A6B /* MT_TimeSlicer.cpp */; };
		0FBB069E0E5A984B007F2A6B /* MT_CellMap.cpp in Sources */ = {isa = PBXBuildFile; fileRef = 0FBB06710E5A984B007F2A6B /* MT_CellMap.cpp */; };
		0FBB069F0E5A984B007F2A6B /* MT_World.cpp in Sources */ = {isa = PBXBuildFile; fileRef = 0FBB06740E5A984B007F2A6B /* MT_World.cpp */; };
		0FBB06A00E5A984B007F2A6B /* MT_Cpu.cpp in Sources */ = {isa = PBXBuildFile; fileRef = 0FBB06760E5A984B007F2A6B /* MT_Cpu.cpp */; };
		0FBB06A10E5A984B007F2A6B /* MT_Creature.cpp in Sources */ = {isa = PBXBuildFile; fileRef = 0FBB06790E5A984B007F2A6B /* MT_Creature.cpp */; };
		0FBB06A20E5A984B007F2A6B /* MT_Soup.cpp in Sources */ = {isa = PBXBuildFile; fileRef = 0FBB067B0E5A984B007F2A6B /* MT_Soup.cpp */; };
		0FBB06A30E5A984B007F2A6B /* MT_ExecutionUnit.cpp in Sources */ = {isa = PBXBuildFile; fileRef = 0FBB067F0E5A984B007F2A6B /* MT_ExecutionUnit.cpp */; };
		0FBB06A40E5A984B007F2A6B /* MT_Reaper.cpp in Sources */ = {isa = PBXBuildFile; fileRef = 0FBB06800E5A984B007F2A6B /* MT_Reaper.cpp */; };
		0FBB06A50E5A984B007F2A6B /* MT_ExecutionUnit0.cpp in Sources */ = {isa = PBXBuildFile; fileRef = 0FBB06810E5A984B007F2A6B /* MT_ExecutionUnit0.cpp */; };
		0FBB06A60E5A984B007F2A6B /* MT_Assert.cpp in Sources */ = {isa = PBXBuildFile; fileRef = 0FBB06830E5A984B007F2A6B /* MT_Assert.cpp */; };
		0FBB06A70E5A984B007F2A6B /* MT_Ancestor.cpp in Sources */ = {isa = PBXBuildFile; fileRef = 0FBB06840E5A984B007F2A6B /* MT_Ancestor.cpp */; };
		0FBB06FA0E5A9A78007F2A6B /* MT_Genebank.cpp in Sources */ = {isa = PBXBuildFile; fileRef = 0FBB06F90E5A9A78007F2A6B /* MT_Genebank.cpp */; };
		0FBB06FB0E5A9A78007F2A6B /* MT_Genebank.cpp in Sources */ = {isa = PBXBuildFile; fileRef = 0FBB06F90E5A9A78007F2A6B /* MT_Genebank.cpp */; };
		0FBB06FC0E5A9A78007F2A6B /* MT_Genebank.cpp in Sources */ = {isa = PBXBuildFile; fileRef = 0FBB06F90E5A9A78007F2A6B /* MT_Genebank.cpp */; };
		0FBB07040E5A9B51007F2A6B /* MT_Inventory.cpp in Sources */ = {isa = PBXBuildFile; fileRef = 0FBB07030E5A9B51007F2A6B /* MT_Inventory.cpp */; };
		0FBB07050E5A9B51007F2A6B /* MT_Inventory.cpp in Sources */ = {isa = PBXBuildFile; fileRef = 0FBB07030E5A9B51007F2A6B /* MT_Inventory.cpp */; };
		0FBB07060E5A9B51007F2A6B /* MT_Inventory.cpp in Sources */ = {isa = PBXBuildFile; fileRef = 0FBB07030E5A9B51007F2A6B /* MT_Inventory.cpp */; };
		0FBB07110E5A9BF0007F2A6B /* MT_Genotype.cpp in Sources */ = {isa = PBXBuildFile; fileRef = 0FBB07100E5A9BF0007F2A6B /* MT_Genotype.cpp */; };
		0FBB07120E5A9BF0007F2A6B /* MT_Genotype.cpp in Sources */ = {isa = PBXBuildFile; fileRef = 0FBB07100E5A9BF0007F2A6B /* MT_Genotype.cpp */; };
		0FBB07130E5A9BF0007F2A6B /* MT_Genotype.cpp in Sources */ = {isa = PBXBuildFile; fileRef = 0FBB07100E5A9BF0007F2A6B /* MT_Genotype.cpp */; };
		0FBEC0530E56AF9500ABB516 /* Random.cpp in Sources */ = {isa = PBXBuildFile; fileRef = 0FFF64590E4FE38E00404828 /* Random.cpp */; };
		0FBEC06D0E56AFEB00ABB516 /* mactierra.cpp in Sources */ = {isa = PBXBuildFile; fileRef = 0FBEC0660E56AFCF00ABB516 /* mactierra.cpp */; };
		0FFF645E0E4FE38E00404828 /* Random.cpp in Sources */ = {isa = PBXBuildFile; fileRef = 0FFF64590E4FE38E00404828 /* Random.cpp */; };
		1DDD582C0DA1D0D100B32029 /* MacTierraDocument.xib in Resources */ = {isa = PBXBuildFile; fileRef = 1DDD58280DA1D0D100B32029 /* MacTierraDocument.xib */; };
		1DDD582D0DA1D0D100B32029 /* MainMenu.xib in Resources */ = {isa = PBXBuildFile; fileRef = 1DDD582A0DA1D0D100B32029 /* MainMenu.xib */; };
		8D15AC2C0486D014006FF6A4 /* Credits.rtf in Resources */ = {isa = PBXBuildFile; fileRef = 2A37F4B9FDCFA73011CA2CEA /* Credits.rtf */; };
		8D15AC2F0486D014006FF6A4 /* InfoPlist.strings in Resources */ = {isa = PBXBuildFile; fileRef = 089C165FFE840EACC02AAC07 /* InfoPlist.strings */; };
		8D15AC320486D014006FF6A4 /* main.m in Sources */ = {isa = PBXBuildFile; fileRef = 2A37F4B0FDCFA73011CA2CEA /* main.m */; settings = {ATTRIBUTES = (); }; };
		8D15AC340486D014006FF6A4 /* Cocoa.framework in Frameworks */ = {isa = PBXBuildFile; fileRef = 1058C7A7FEA54F5311CA2CBB /* Cocoa.framework */; };
/* End PBXBuildFile section */

/* Begin PBXFileReference section */
		089C1660FE840EACC02AAC07 /* English */ = {isa = PBXFileReference; fileEncoding = 10; lastKnownFileType = text.plist.strings; name = English; path = English.lproj/InfoPlist.strings; sourceTree = "<group>"; };
		0F0C94890E514A8800B233E8 /* ReaperTests.cpp */ = {isa = PBXFileReference; fileEncoding = 4; lastKnownFileType = sourcecode.cpp.cpp; path = ReaperTests.cpp; sourceTree = "<group>"; };
		0F0C948A0E514A8800B233E8 /* ReaperTests.h */ = {isa = PBXFileReference; fileEncoding = 4; lastKnownFileType = sourcecode.c.h; path = ReaperTests.h; sourceTree = "<group>"; };
		0F0C948B0E514A8800B233E8 /* TestRunner.cpp */ = {isa = PBXFileReference; fileEncoding = 4; lastKnownFileType = sourcecode.cpp.cpp; path = TestRunner.cpp; sourceTree = "<group>"; };
		0F0C948C0E514A8800B233E8 /* TestRunner.h */ = {isa = PBXFileReference; fileEncoding = 4; lastKnownFileType = sourcecode.c.h; path = TestRunner.h; sourceTree = "<group>"; };
		0F0C94990E514AD700B233E8 /* TestRunner */ = {isa = PBXFileReference; explicitFileType = "compiled.mach-o.executable"; includeInIndex = 0; path = TestRunner; sourceTree = BUILT_PRODUCTS_DIR; };
		0F0C963D0E51620100B233E8 /* SlicerTests.h */ = {isa = PBXFileReference; fileEncoding = 4; lastKnownFileType = sourcecode.c.h; path = SlicerTests.h; sourceTree = "<group>"; };
		0F0C963E0E51620100B233E8 /* SlicerTests.cpp */ = {isa = PBXFileReference; fileEncoding = 4; lastKnownFileType = sourcecode.cpp.cpp; path = SlicerTests.cpp; sourceTree = "<group>"; };
		0F63B1010E5E6A54005793DE /* MTDocumentController.h */ = {isa = PBXFileReference; fileEncoding = 4; lastKnownFileType = sourcecode.c.h; path = MTDocumentController.h; sourceTree = "<group>"; };
		0F63B1020E5E6A54005793DE /* MTDocumentController.m */ = {isa = PBXFileReference; fileEncoding = 4; lastKnownFileType = sourcecode.c.objc; path = MTDocumentController.m; sourceTree = "<group>"; };
		0F8C67A80E5E5A5900A72FC1 /* NSStringAdditions.h */ = {isa = PBXFileReference; fileEncoding = 4; lastKnownFileType = sourcecode.c.h; path = NSStringAdditions.h; sourceTree = "<group>"; };
		0F8C67A90E5E5A5900A72FC1 /* NSStringAdditions.m */ = {isa = PBXFileReference; fileEncoding = 4; lastKnownFileType = sourcecode.c.objc; path = NSStringAdditions.m; sourceTree = "<group>"; };
		0F9382900E589031004E93C5 /* assert.hpp */ = {isa = PBXFileReference; fileEncoding = 4; lastKnownFileType = sourcecode.cpp.h; path = assert.hpp; sourceTree = "<group>"; };
		0F9DE5D40E575DAD00E86DD6 /* MTWorldController.h */ = {isa = PBXFileReference; fileEncoding = 4; lastKnownFileType = sourcecode.c.h; path = MTWorldController.h; sourceTree = "<group>"; };
		0F9DE5D50E575DAD00E86DD6 /* MTWorldController.mm */ = {isa = PBXFileReference; fileEncoding = 4; lastKnownFileType = sourcecode.cpp.objcpp; path = MTWorldController.mm; sourceTree = "<group>"; };
		0F9DE5D80E575DB300E86DD6 /* MacTierraDocument.h */ = {isa = PBXFileReference; fileEncoding = 4; lastKnownFileType = sourcecode.c.h; path = MacTierraDocument.h; sourceTree = "<group>"; };
		0F9DE5D90E575DB300E86DD6 /* MacTierraDocument.mm */ = {isa = PBXFileReference; fileEncoding = 4; lastKnownFileType = sourcecode.cpp.objcpp; path = MacTierraDocument.mm; sourceTree = "<group>"; };
		0F9DE5DC0E575DB800E86DD6 /* MTSoupView.h */ = {isa = PBXFileReference; fileEncoding = 4; lastKnownFileType = sourcecode.c.h; path = MTSoupView.h; sourceTree = "<group>"; };
		0F9DE5DD0E575DB800E86DD6 /* MTSoupView.mm */ = {isa = PBXFileReference; fileEncoding = 4; lastKnownFileType = sourcecode.cpp.objcpp; path = MTSoupView.mm; sourceTree = "<group>"; };
		0F9DE5E40E575FDB00E86DD6 /* MTCompositedGLView.m */ = {isa = PBXFileReference; fileEncoding = 4; lastKnownFileType = sourcecode.c.objc; path = MTCompositedGLView.m; sourceTree = "<group>"; };
		0F9DE5E50E575FDB00E86DD6 /* MTCompositedGLView.h */ = {isa = PBXFileReference; fileEncoding = 4; lastKnownFileType = sourcecode.c.h; path = MTCompositedGLView.h; sourceTree = "<group>"; };
		0F9DE6540E57795B00E86DD6 /* OpenGL.framework */ = {isa = PBXFileReference; lastKnownFileType = wrapper.framework; name = OpenGL.framework; path = /System/Library/Frameworks/OpenGL.framework; sourceTree = "<absolute>"; };
		0F9DEE250E57CD4600E86DD6 /* CPUTests.h */ = {isa = PBXFileReference; fileEncoding = 4; lastKnownFileType = sourcecode.c.h; path = CPUTests.h; sourceTree = "<group>"; };
		0F9DEE260E57CD4600E86DD6 /* CPUTests.cpp */ = {isa = PBXFileReference; fileEncoding = 4; lastKnownFileType = sourcecode.cpp.cpp; path = CPUTests.cpp; sourceTree = "<group>"; };
		0FA56BAA0E5A64E20001E997 /* Localizable.strings */ = {isa = PBXFileReference; fileEncoding = 10; lastKnownFileType = text.plist.strings; path = Localizable.strings; sourceTree = "<group>"; };
		0FA56D350E5A8ACE0001E997 /* MTInstructionCountFormatter.h */ = {isa = PBXFileReference; fileEncoding = 4; lastKnownFileType = sourcecode.c.h; path = MTInstructionCountFormatter.h; sourceTree = "<group>"; };
		0FA56D360E5A8ACE0001E997 /* MTInstructionCountFormatter.m */ = {isa = PBXFileReference; fileEncoding = 4; lastKnownFileType = sourcecode.c.objc; path = MTInstructionCountFormatter.m; sourceTree = "<group>"; };
		0FB043F90E5D2FCD0024DF67 /* MTInventoryGenotype.h */ = {isa = PBXFileReference; fileEncoding = 4; lastKnownFileType = sourcecode.c.h; path = MTInventoryGenotype.h; sourceTree = "<group>"; };
		0FB043FA0E5D2FCD0024DF67 /* MTInventoryGenotype.mm */ = {isa = PBXFileReference; fileEncoding = 4; lastKnownFileType = sourcecode.cpp.objcpp; path = MTInventoryGenotype.mm; sourceTree = "<group>"; };
		0FB044290E5D325B0024DF67 /* MTInventoryController.h */ = {isa = PBXFileReference; fileEncoding = 4; lastKnownFileType = sourcecode.c.h; path = MTInventoryController.h; sourceTree = "<group>"; };
		0FB0442A0E5D325B0024DF67 /* MTInventoryController.mm */ = {isa = PBXFileReference; fileEncoding = 4; lastKnownFileType = sourcecode.cpp.objcpp; path = MTInventoryController.mm; sourceTree = "<group>"; };
		0FB044E70E5D3B990024DF67 /* MTCreature.h */ = {isa = PBXFileReference; fileEncoding = 4; lastKnownFileType = sourcecode.c.h; path = MTCreature.h; sourceTree = "<group>"; };
		0FB044E80E5D3B990024DF67 /* MTCreature.mm */ = {isa = PBXFileReference; fileEncoding = 4; lastKnownFileType = sourcecode.cpp.objcpp; path = MTCreature.mm; sourceTree = "<group>"; };
		0FB90D310E52A72900449CC6 /* CellMapTests.h */ = {isa = PBXFileReference; fileEncoding = 4; lastKnownFileType = sourcecode.c.h; path = CellMapTests.h; sourceTree = "<group>"; };
		0FB90D320E52A72900449CC6 /* CellMapTests.cpp */ = {isa = PBXFileReference; fileEncoding = 4; lastKnownFileType = sourcecode.cpp.cpp; path = CellMapTests.cpp; sourceTree = "<group>"; };
		0FBB066E0E5A984B007F2A6B /* MT_TimeSlicer.cpp */ = {isa = PBXFileReference; fileEncoding = 4; lastKnownFileType = sourcecode.cpp.cpp; path = MT_TimeSlicer.cpp; sourceTree = "<group>"; };
		0FBB066F0E5A984B007F2A6B /* MT_Soup.h */ = {isa = PBXFileReference; fileEncoding = 4; lastKnownFileType = sourcecode.c.h; path = MT_Soup.h; sourceTree = "<group>"; };
		0FBB06700E5A984B007F2A6B /* MT_ISA.h */ = {isa = PBXFileReference; fileEncoding = 4; lastKnownFileType = sourcecode.c.h; path = MT_ISA.h; sourceTree = "<group>"; };
		0FBB06710E5A984B007F2A6B /* MT_CellMap.cpp */ = {isa = PBXFileReference; fileEncoding = 4; lastKnownFileType = sourcecode.cpp.cpp; path = MT_CellMap.cpp; sourceTree = "<group>"; };
		0FBB06720E5A984B007F2A6B /* MT_Cpu.h */ = {isa = PBXFileReference; fileEncoding = 4; lastKnownFileType = sourcecode.c.h; path = MT_Cpu.h; sourceTree = "<group>"; };
		0FBB06730E5A984B007F2A6B /* MT_Engine.h */ = {isa = PBXFileReference; fileEncoding = 4; lastKnownFileType = sourcecode.c.h; path = MT_Engine.h; sourceTree = "<group>"; };
		0FBB06740E5A984B007F2A6B /* MT_World.cpp */ = {isa = PBXFileReference; fileEncoding = 4; lastKnownFileType = sourcecode.cpp.cpp; path = MT_World.cpp; sourceTree = "<group>"; };
		0FBB06750E5A984B007F2A6B /* MT_TimeSlicer.h */ = {isa = PBXFileReference; fileEncoding = 4; lastKnownFileType = sourcecode.c.h; path = MT_TimeSlicer.h; sourceTree = "<group>"; };
		0FBB06760E5A984B007F2A6B /* MT_Cpu.cpp */ = {isa = PBXFileReference; fileEncoding = 4; lastKnownFileType = sourcecode.cpp.cpp; path = MT_Cpu.cpp; sourceTree = "<group>"; };
		0FBB06770E5A984B007F2A6B /* MT_ExecutionUnit.h */ = {isa = PBXFileReference; fileEncoding = 4; lastKnownFileType = sourcecode.c.h; path = MT_ExecutionUnit.h; sourceTree = "<group>"; };
		0FBB06780E5A984B007F2A6B /* MT_InstructionSet.h */ = {isa = PBXFileReference; fileEncoding = 4; lastKnownFileType = sourcecode.c.h; path = MT_InstructionSet.h; sourceTree = "<group>"; };
		0FBB06790E5A984B007F2A6B /* MT_Creature.cpp */ = {isa = PBXFileReference; fileEncoding = 4; lastKnownFileType = sourcecode.cpp.cpp; path = MT_Creature.cpp; sourceTree = "<group>"; };
		0FBB067A0E5A984B007F2A6B /* MT_World.h */ = {isa = PBXFileReference; fileEncoding = 4; lastKnownFileType = sourcecode.c.h; path = MT_World.h; sourceTree = "<group>"; };
		0FBB067B0E5A984B007F2A6B /* MT_Soup.cpp */ = {isa = PBXFileReference; fileEncoding = 4; lastKnownFileType = sourcecode.cpp.cpp; path = MT_Soup.cpp; sourceTree = "<group>"; };
		0FBB067C0E5A984B007F2A6B /* MT_Reaper.h */ = {isa = PBXFileReference; fileEncoding = 4; lastKnownFileType = sourcecode.c.h; path = MT_Reaper.h; sourceTree = "<group>"; };
		0FBB067D0E5A984B007F2A6B /* MT_Ancestor.h */ = {isa = PBXFileReference; fileEncoding = 4; lastKnownFileType = sourcecode.c.h; path = MT_Ancestor.h; sourceTree = "<group>"; };
		0FBB067E0E5A984B007F2A6B /* MT_CellMap.h */ = {isa = PBXFileReference; fileEncoding = 4; lastKnownFileType = sourcecode.c.h; path = MT_CellMap.h; sourceTree = "<group>"; };
		0FBB067F0E5A984B007F2A6B /* MT_ExecutionUnit.cpp */ = {isa = PBXFileReference; fileEncoding = 4; lastKnownFileType = sourcecode.cpp.cpp; path = MT_ExecutionUnit.cpp; sourceTree = "<group>"; };
		0FBB06800E5A984B007F2A6B /* MT_Reaper.cpp */ = {isa = PBXFileReference; fileEncoding = 4; lastKnownFileType = sourcecode.cpp.cpp; path = MT_Reaper.cpp; sourceTree = "<group>"; };
		0FBB06810E5A984B007F2A6B /* MT_ExecutionUnit0.cpp */ = {isa = PBXFileReference; fileEncoding = 4; lastKnownFileType = sourcecode.cpp.cpp; path = MT_ExecutionUnit0.cpp; sourceTree = "<group>"; };
		0FBB06820E5A984B007F2A6B /* MT_Assert.h */ = {isa = PBXFileReference; fileEncoding = 4; lastKnownFileType = sourcecode.c.h; path = MT_Assert.h; sourceTree = "<group>"; };
		0FBB06830E5A984B007F2A6B /* MT_Assert.cpp */ = {isa = PBXFileReference; fileEncoding = 4; lastKnownFileType = sourcecode.cpp.cpp; path = MT_Assert.cpp; sourceTree = "<group>"; };
		0FBB06840E5A984B007F2A6B /* MT_Ancestor.cpp */ = {isa = PBXFileReference; fileEncoding = 4; lastKnownFileType = sourcecode.cpp.cpp; path = MT_Ancestor.cpp; sourceTree = "<group>"; };
		0FBB06850E5A984B007F2A6B /* MT_Creature.h */ = {isa = PBXFileReference; fileEncoding = 4; lastKnownFileType = sourcecode.c.h; path = MT_Creature.h; sourceTree = "<group>"; };
		0FBB06860E5A984B007F2A6B /* MT_ExecutionUnit0.h */ = {isa = PBXFileReference; fileEncoding = 4; lastKnownFileType = sourcecode.c.h; path = MT_ExecutionUnit0.h; sourceTree = "<group>"; };
		0FBB06F80E5A9A78007F2A6B /* MT_Genebank.h */ = {isa = PBXFileReference; fileEncoding = 4; lastKnownFileType = sourcecode.c.h; path = MT_Genebank.h; sourceTree = "<group>"; };
		0FBB06F90E5A9A78007F2A6B /* MT_Genebank.cpp */ = {isa = PBXFileReference; fileEncoding = 4; lastKnownFileType = sourcecode.cpp.cpp; path = MT_Genebank.cpp; sourceTree = "<group>"; };
		0FBB07020E5A9B51007F2A6B /* MT_Inventory.h */ = {isa = PBXFileReference; fileEncoding = 4; lastKnownFileType = sourcecode.c.h; path = MT_Inventory.h; sourceTree = "<group>"; };
		0FBB07030E5A9B51007F2A6B /* MT_Inventory.cpp */ = {isa = PBXFileReference; fileEncoding = 4; lastKnownFileType = sourcecode.cpp.cpp; path = MT_Inventory.cpp; sourceTree = "<group>"; };
		0FBB070F0E5A9BF0007F2A6B /* MT_Genotype.h */ = {isa = PBXFileReference; fileEncoding = 4; lastKnownFileType = sourcecode.c.h; path = MT_Genotype.h; sourceTree = "<group>"; };
		0FBB07100E5A9BF0007F2A6B /* MT_Genotype.cpp */ = {isa = PBXFileReference; fileEncoding = 4; lastKnownFileType = sourcecode.cpp.cpp; path = MT_Genotype.cpp; sourceTree = "<group>"; };
		0FBB72120E534AFD00469B7C /* flat_set.hpp */ = {isa = PBXFileReference; fileEncoding = 4; lastKnownFileType = sourcecode.cpp.h; name = flat_set.hpp; path = interprocess/containers/flat_set.hpp; sourceTree = "<group>"; };
		0FBEC0430E56AF7A00ABB516 /* mactierra */ = {isa = PBXFileReference; explicitFileType = "compiled.mach-o.executable"; includeInIndex = 0; path = mactierra; sourceTree = BUILT_PRODUCTS_DIR; };
		0FBEC0650E56AFCF00ABB516 /* mactierra.h */ = {isa = PBXFileReference; fileEncoding = 4; lastKnownFileType = sourcecode.c.h; name = mactierra.h; path = Source/cmdline/mactierra.h; sourceTree = "<group>"; };
		0FBEC0660E56AFCF00ABB516 /* mactierra.cpp */ = {isa = PBXFileReference; fileEncoding = 4; lastKnownFileType = sourcecode.cpp.cpp; name = mactierra.cpp; path = Source/cmdline/mactierra.cpp; sourceTree = "<group>"; };
		0FFF64490E4FE38E00404828 /* RandomSelect.hpp */ = {isa = PBXFileReference; fileEncoding = 4; lastKnownFileType = sourcecode.cpp.h; path = RandomSelect.hpp; sourceTree = "<group>"; };
		0FFF644A0E4FE38E00404828 /* RandomMixer.hpp */ = {isa = PBXFileReference; fileEncoding = 4; lastKnownFileType = sourcecode.cpp.h; path = RandomMixer.hpp; sourceTree = "<group>"; };
		0FFF644B0E4FE38E00404828 /* RandomEngine.hpp */ = {isa = PBXFileReference; fileEncoding = 4; lastKnownFileType = sourcecode.cpp.h; path = RandomEngine.hpp; sourceTree = "<group>"; };
		0FFF644C0E4FE38E00404828 /* RandomPower2.hpp */ = {isa = PBXFileReference; fileEncoding = 4; lastKnownFileType = sourcecode.cpp.h; path = RandomPower2.hpp; sourceTree = "<group>"; };
		0FFF644D0E4FE38E00404828 /* ExactExponential.hpp */ = {isa = PBXFileReference; fileEncoding = 4; lastKnownFileType = sourcecode.cpp.h; path = ExactExponential.hpp; sourceTree = "<group>"; };
		0FFF644F0E4FE38E00404828 /* RandomAlgorithm.hpp */ = {isa = PBXFileReference; fileEncoding = 4; lastKnownFileType = sourcecode.cpp.h; path = RandomAlgorithm.hpp; sourceTree = "<group>"; };
		0FFF64500E4FE38E00404828 /* Random.hpp */ = {isa = PBXFileReference; fileEncoding = 4; lastKnownFileType = sourcecode.cpp.h; path = Random.hpp; sourceTree = "<group>"; };
		0FFF64510E4FE38E00404828 /* LeadingZeros.hpp */ = {isa = PBXFileReference; fileEncoding = 4; lastKnownFileType = sourcecode.cpp.h; path = LeadingZeros.hpp; sourceTree = "<group>"; };
		0FFF64520E4FE38E00404828 /* ExponentialProb.hpp */ = {isa = PBXFileReference; fileEncoding = 4; lastKnownFileType = sourcecode.cpp.h; path = ExponentialProb.hpp; sourceTree = "<group>"; };
		0FFF64530E4FE38E00404828 /* RandomNumber.hpp */ = {isa = PBXFileReference; fileEncoding = 4; lastKnownFileType = sourcecode.cpp.h; path = RandomNumber.hpp; sourceTree = "<group>"; };
		0FFF64550E4FE38E00404828 /* NormalDistribution.hpp */ = {isa = PBXFileReference; fileEncoding = 4; lastKnownFileType = sourcecode.cpp.h; path = NormalDistribution.hpp; sourceTree = "<group>"; };
		0FFF64560E4FE38E00404828 /* ExactPower.hpp */ = {isa = PBXFileReference; fileEncoding = 4; lastKnownFileType = sourcecode.cpp.h; path = ExactPower.hpp; sourceTree = "<group>"; };
		0FFF64570E4FE38E00404828 /* ExponentialDistribution.hpp */ = {isa = PBXFileReference; fileEncoding = 4; lastKnownFileType = sourcecode.cpp.h; path = ExponentialDistribution.hpp; sourceTree = "<group>"; };
		0FFF64580E4FE38E00404828 /* RandomType.hpp */ = {isa = PBXFileReference; fileEncoding = 4; lastKnownFileType = sourcecode.cpp.h; path = RandomType.hpp; sourceTree = "<group>"; };
		0FFF64590E4FE38E00404828 /* Random.cpp */ = {isa = PBXFileReference; fileEncoding = 4; lastKnownFileType = sourcecode.cpp.cpp; path = Random.cpp; sourceTree = "<group>"; };
		0FFF645A0E4FE38E00404828 /* RandomSeed.hpp */ = {isa = PBXFileReference; fileEncoding = 4; lastKnownFileType = sourcecode.cpp.h; path = RandomSeed.hpp; sourceTree = "<group>"; };
		0FFF645B0E4FE38E00404828 /* RandomCanonical.hpp */ = {isa = PBXFileReference; fileEncoding = 4; lastKnownFileType = sourcecode.cpp.h; path = RandomCanonical.hpp; sourceTree = "<group>"; };
		0FFF671F0E5011D700404828 /* list.hpp */ = {isa = PBXFileReference; fileEncoding = 4; lastKnownFileType = sourcecode.cpp.h; name = list.hpp; path = intrusive/list.hpp; sourceTree = "<group>"; };
		1058C7A7FEA54F5311CA2CBB /* Cocoa.framework */ = {isa = PBXFileReference; lastKnownFileType = wrapper.framework; name = Cocoa.framework; path = /System/Library/Frameworks/Cocoa.framework; sourceTree = "<absolute>"; };
		1DDD58290DA1D0D100B32029 /* English */ = {isa = PBXFileReference; lastKnownFileType = file.xib; name = English; path = English.lproj/MacTierraDocument.xib; sourceTree = "<group>"; };
		1DDD582B0DA1D0D100B32029 /* English */ = {isa = PBXFileReference; lastKnownFileType = file.xib; name = English; path = English.lproj/MainMenu.xib; sourceTree = "<group>"; };
		2A37F4B0FDCFA73011CA2CEA /* main.m */ = {isa = PBXFileReference; fileEncoding = 4; lastKnownFileType = sourcecode.c.objc; path = main.m; sourceTree = "<group>"; };
		2A37F4BAFDCFA73011CA2CEA /* English */ = {isa = PBXFileReference; lastKnownFileType = text.rtf; name = English; path = English.lproj/Credits.rtf; sourceTree = "<group>"; };
		2A37F4C4FDCFA73011CA2CEA /* AppKit.framework */ = {isa = PBXFileReference; lastKnownFileType = wrapper.framework; name = AppKit.framework; path = /System/Library/Frameworks/AppKit.framework; sourceTree = "<absolute>"; };
		2A37F4C5FDCFA73011CA2CEA /* Foundation.framework */ = {isa = PBXFileReference; lastKnownFileType = wrapper.framework; name = Foundation.framework; path = /System/Library/Frameworks/Foundation.framework; sourceTree = "<absolute>"; };
		32DBCF750370BD2300C91783 /* MacTierra_Prefix.pch */ = {isa = PBXFileReference; fileEncoding = 4; lastKnownFileType = sourcecode.c.h; path = MacTierra_Prefix.pch; sourceTree = "<group>"; };
		8D15AC360486D014006FF6A4 /* Info.plist */ = {isa = PBXFileReference; fileEncoding = 4; lastKnownFileType = text.plist.xml; path = Info.plist; sourceTree = "<group>"; };
		8D15AC370486D014006FF6A4 /* MacTierra.app */ = {isa = PBXFileReference; explicitFileType = wrapper.application; includeInIndex = 0; path = MacTierra.app; sourceTree = BUILT_PRODUCTS_DIR; };
/* End PBXFileReference section */

/* Begin PBXFrameworksBuildPhase section */
		0F0C94970E514AD700B233E8 /* Frameworks */ = {
			isa = PBXFrameworksBuildPhase;
			buildActionMask = 2147483647;
			files = (
			);
			runOnlyForDeploymentPostprocessing = 0;
		};
		0FBEC0410E56AF7A00ABB516 /* Frameworks */ = {
			isa = PBXFrameworksBuildPhase;
			buildActionMask = 2147483647;
			files = (
			);
			runOnlyForDeploymentPostprocessing = 0;
		};
		8D15AC330486D014006FF6A4 /* Frameworks */ = {
			isa = PBXFrameworksBuildPhase;
			buildActionMask = 2147483647;
			files = (
				8D15AC340486D014006FF6A4 /* Cocoa.framework in Frameworks */,
				0F9DE6550E57795B00E86DD6 /* OpenGL.framework in Frameworks */,
			);
			runOnlyForDeploymentPostprocessing = 0;
		};
/* End PBXFrameworksBuildPhase section */

/* Begin PBXGroup section */
		0F0C945E0E51486200B233E8 /* tests */ = {
			isa = PBXGroup;
			children = (
				0FB90D310E52A72900449CC6 /* CellMapTests.h */,
				0FB90D320E52A72900449CC6 /* CellMapTests.cpp */,
				0F9DEE250E57CD4600E86DD6 /* CPUTests.h */,
				0F9DEE260E57CD4600E86DD6 /* CPUTests.cpp */,
				0F0C948A0E514A8800B233E8 /* ReaperTests.h */,
				0F0C94890E514A8800B233E8 /* ReaperTests.cpp */,
				0F0C963D0E51620100B233E8 /* SlicerTests.h */,
				0F0C963E0E51620100B233E8 /* SlicerTests.cpp */,
				0F0C948C0E514A8800B233E8 /* TestRunner.h */,
				0F0C948B0E514A8800B233E8 /* TestRunner.cpp */,
			);
			name = tests;
			path = Source/tests;
			sourceTree = "<group>";
		};
		0F9DE5D30E575DAD00E86DD6 /* controllers */ = {
			isa = PBXGroup;
			children = (
				0FB044290E5D325B0024DF67 /* MTInventoryController.h */,
				0FB0442A0E5D325B0024DF67 /* MTInventoryController.mm */,
				0F9DE5D40E575DAD00E86DD6 /* MTWorldController.h */,
				0F9DE5D50E575DAD00E86DD6 /* MTWorldController.mm */,
			);
			path = controllers;
			sourceTree = "<group>";
		};
		0F9DE5D70E575DB300E86DD6 /* document */ = {
			isa = PBXGroup;
			children = (
				0F9DE5D80E575DB300E86DD6 /* MacTierraDocument.h */,
				0F9DE5D90E575DB300E86DD6 /* MacTierraDocument.mm */,
				0F63B1010E5E6A54005793DE /* MTDocumentController.h */,
				0F63B1020E5E6A54005793DE /* MTDocumentController.m */,
			);
			path = document;
			sourceTree = "<group>";
		};
		0F9DE5DB0E575DB800E86DD6 /* views */ = {
			isa = PBXGroup;
			children = (
				0F9DE5E50E575FDB00E86DD6 /* MTCompositedGLView.h */,
				0F9DE5E40E575FDB00E86DD6 /* MTCompositedGLView.m */,
				0F9DE5DC0E575DB800E86DD6 /* MTSoupView.h */,
				0F9DE5DD0E575DB800E86DD6 /* MTSoupView.mm */,
			);
			path = views;
			sourceTree = "<group>";
		};
		0FA56D280E5A87FA0001E997 /* utils */ = {
			isa = PBXGroup;
			children = (
				0F8C67A80E5E5A5900A72FC1 /* NSStringAdditions.h */,
				0F8C67A90E5E5A5900A72FC1 /* NSStringAdditions.m */,
				0FA56D350E5A8ACE0001E997 /* MTInstructionCountFormatter.h */,
				0FA56D360E5A8ACE0001E997 /* MTInstructionCountFormatter.m */,
			);
			path = utils;
			sourceTree = "<group>";
		};
		0FAC2F910E4F75FE00CB068B /* engine */ = {
			isa = PBXGroup;
			children = (
				0FBB06730E5A984B007F2A6B /* MT_Engine.h */,
				0FBB06700E5A984B007F2A6B /* MT_ISA.h */,
				0FBB067D0E5A984B007F2A6B /* MT_Ancestor.h */,
				0FBB06840E5A984B007F2A6B /* MT_Ancestor.cpp */,
				0FBB06820E5A984B007F2A6B /* MT_Assert.h */,
				0FBB06830E5A984B007F2A6B /* MT_Assert.cpp */,
				0FBB067E0E5A984B007F2A6B /* MT_CellMap.h */,
				0FBB06710E5A984B007F2A6B /* MT_CellMap.cpp */,
				0FBB06720E5A984B007F2A6B /* MT_Cpu.h */,
				0FBB06760E5A984B007F2A6B /* MT_Cpu.cpp */,
				0FBB06850E5A984B007F2A6B /* MT_Creature.h */,
				0FBB06790E5A984B007F2A6B /* MT_Creature.cpp */,
				0FBB06770E5A984B007F2A6B /* MT_ExecutionUnit.h */,
				0FBB067F0E5A984B007F2A6B /* MT_ExecutionUnit.cpp */,
				0FBB06860E5A984B007F2A6B /* MT_ExecutionUnit0.h */,
				0FBB06810E5A984B007F2A6B /* MT_ExecutionUnit0.cpp */,
				0FBB06F80E5A9A78007F2A6B /* MT_Genebank.h */,
				0FBB06F90E5A9A78007F2A6B /* MT_Genebank.cpp */,
				0FBB070F0E5A9BF0007F2A6B /* MT_Genotype.h */,
				0FBB07100E5A9BF0007F2A6B /* MT_Genotype.cpp */,
				0FBB06780E5A984B007F2A6B /* MT_InstructionSet.h */,
				0FBB07020E5A9B51007F2A6B /* MT_Inventory.h */,
				0FBB07030E5A9B51007F2A6B /* MT_Inventory.cpp */,
				0FBB067C0E5A984B007F2A6B /* MT_Reaper.h */,
				0FBB06800E5A984B007F2A6B /* MT_Reaper.cpp */,
				0FBB066F0E5A984B007F2A6B /* MT_Soup.h */,
				0FBB067B0E5A984B007F2A6B /* MT_Soup.cpp */,
				0FBB06750E5A984B007F2A6B /* MT_TimeSlicer.h */,
				0FBB066E0E5A984B007F2A6B /* MT_TimeSlicer.cpp */,
				0FBB067A0E5A984B007F2A6B /* MT_World.h */,
				0FBB06740E5A984B007F2A6B /* MT_World.cpp */,
			);
			name = engine;
			path = Source/engine;
			sourceTree = SOURCE_ROOT;
		};
		0FB043F60E5D2FB60024DF67 /* engine_objects */ = {
			isa = PBXGroup;
			children = (
				0FB044E70E5D3B990024DF67 /* MTCreature.h */,
				0FB044E80E5D3B990024DF67 /* MTCreature.mm */,
				0FB043F90E5D2FCD0024DF67 /* MTInventoryGenotype.h */,
				0FB043FA0E5D2FCD0024DF67 /* MTInventoryGenotype.mm */,
			);
			path = engine_objects;
			sourceTree = "<group>";
		};
		0FBEC0610E56AFA800ABB516 /* mactierra */ = {
			isa = PBXGroup;
			children = (
				0FBEC0650E56AFCF00ABB516 /* mactierra.h */,
				0FBEC0660E56AFCF00ABB516 /* mactierra.cpp */,
			);
			name = mactierra;
			sourceTree = "<group>";
		};
		0FFF64300E4FE34C00404828 /* RandomLib */ = {
			isa = PBXGroup;
			children = (
				0FFF644D0E4FE38E00404828 /* ExactExponential.hpp */,
				0FFF64560E4FE38E00404828 /* ExactPower.hpp */,
				0FFF64570E4FE38E00404828 /* ExponentialDistribution.hpp */,
				0FFF64520E4FE38E00404828 /* ExponentialProb.hpp */,
				0FFF64510E4FE38E00404828 /* LeadingZeros.hpp */,
				0FFF64550E4FE38E00404828 /* NormalDistribution.hpp */,
				0FFF644F0E4FE38E00404828 /* RandomAlgorithm.hpp */,
				0FFF645B0E4FE38E00404828 /* RandomCanonical.hpp */,
				0FFF644B0E4FE38E00404828 /* RandomEngine.hpp */,
				0FFF644A0E4FE38E00404828 /* RandomMixer.hpp */,
				0FFF64530E4FE38E00404828 /* RandomNumber.hpp */,
				0FFF644C0E4FE38E00404828 /* RandomPower2.hpp */,
				0FFF645A0E4FE38E00404828 /* RandomSeed.hpp */,
				0FFF64490E4FE38E00404828 /* RandomSelect.hpp */,
				0FFF64580E4FE38E00404828 /* RandomType.hpp */,
				0FFF64590E4FE38E00404828 /* Random.cpp */,
				0FFF64500E4FE38E00404828 /* Random.hpp */,
			);
			name = RandomLib;
			path = Source/RandomLib;
			sourceTree = "<group>";
		};
		0FFF671C0E50117700404828 /* boost */ = {
			isa = PBXGroup;
			children = (
				0F9382900E589031004E93C5 /* assert.hpp */,
				0FFF671F0E5011D700404828 /* list.hpp */,
				0FBB72120E534AFD00469B7C /* flat_set.hpp */,
			);
			name = boost;
			path = Source/boost;
			sourceTree = "<group>";
		};
		1058C7A6FEA54F5311CA2CBB /* Linked Frameworks */ = {
			isa = PBXGroup;
			children = (
				1058C7A7FEA54F5311CA2CBB /* Cocoa.framework */,
				0F9DE6540E57795B00E86DD6 /* OpenGL.framework */,
			);
			name = "Linked Frameworks";
			sourceTree = "<group>";
		};
		1058C7A8FEA54F5311CA2CBB /* Other Frameworks */ = {
			isa = PBXGroup;
			children = (
				2A37F4C4FDCFA73011CA2CEA /* AppKit.framework */,
				2A37F4C5FDCFA73011CA2CEA /* Foundation.framework */,
			);
			name = "Other Frameworks";
			sourceTree = "<group>";
		};
		19C28FB0FE9D524F11CA2CBB /* Products */ = {
			isa = PBXGroup;
			children = (
				8D15AC370486D014006FF6A4 /* MacTierra.app */,
				0F0C94990E514AD700B233E8 /* TestRunner */,
				0FBEC0430E56AF7A00ABB516 /* mactierra */,
			);
			name = Products;
			sourceTree = "<group>";
		};
		2A37F4AAFDCFA73011CA2CEA /* MacTierra */ = {
			isa = PBXGroup;
			children = (
				0FFF671C0E50117700404828 /* boost */,
				0FFF64300E4FE34C00404828 /* RandomLib */,
				0FAC2F910E4F75FE00CB068B /* engine */,
				0F0C945E0E51486200B233E8 /* tests */,
				0FBEC0610E56AFA800ABB516 /* mactierra */,
				2A37F4AFFDCFA73011CA2CEA /* cocoa */,
				2A37F4B8FDCFA73011CA2CEA /* Resources */,
				2A37F4C3FDCFA73011CA2CEA /* Frameworks */,
				19C28FB0FE9D524F11CA2CBB /* Products */,
			);
			name = MacTierra;
			sourceTree = "<group>";
		};
		2A37F4AFFDCFA73011CA2CEA /* cocoa */ = {
			isa = PBXGroup;
			children = (
				0F9DE5DB0E575DB800E86DD6 /* views */,
				0F9DE5D30E575DAD00E86DD6 /* controllers */,
				0F9DE5D70E575DB300E86DD6 /* document */,
				0FB043F60E5D2FB60024DF67 /* engine_objects */,
				0FA56D280E5A87FA0001E997 /* utils */,
				32DBCF750370BD2300C91783 /* MacTierra_Prefix.pch */,
				2A37F4B0FDCFA73011CA2CEA /* main.m */,
			);
			name = cocoa;
			path = Source/userinterface/cocoa;
			sourceTree = "<group>";
		};
		2A37F4B8FDCFA73011CA2CEA /* Resources */ = {
			isa = PBXGroup;
			children = (
				2A37F4B9FDCFA73011CA2CEA /* Credits.rtf */,
				8D15AC360486D014006FF6A4 /* Info.plist */,
				089C165FFE840EACC02AAC07 /* InfoPlist.strings */,
				1DDD582A0DA1D0D100B32029 /* MainMenu.xib */,
				1DDD58280DA1D0D100B32029 /* MacTierraDocument.xib */,
				0FA56BAA0E5A64E20001E997 /* Localizable.strings */,
			);
			path = Resources;
			sourceTree = "<group>";
		};
		2A37F4C3FDCFA73011CA2CEA /* Frameworks */ = {
			isa = PBXGroup;
			children = (
				1058C7A6FEA54F5311CA2CBB /* Linked Frameworks */,
				1058C7A8FEA54F5311CA2CBB /* Other Frameworks */,
			);
			name = Frameworks;
			sourceTree = "<group>";
		};
/* End PBXGroup section */

/* Begin PBXNativeTarget section */
		0F0C94980E514AD700B233E8 /* TestRunner */ = {
			isa = PBXNativeTarget;
			buildConfigurationList = 0F0C94BB0E514B1D00B233E8 /* Build configuration list for PBXNativeTarget "TestRunner" */;
			buildPhases = (
				0F0C94960E514AD700B233E8 /* Sources */,
				0F0C94970E514AD700B233E8 /* Frameworks */,
			);
			buildRules = (
			);
			dependencies = (
			);
			name = TestRunner;
			productName = TestRunner;
			productReference = 0F0C94990E514AD700B233E8 /* TestRunner */;
			productType = "com.apple.product-type.tool";
		};
		0FBEC0420E56AF7A00ABB516 /* mactierra */ = {
			isa = PBXNativeTarget;
			buildConfigurationList = 0FBEC0620E56AFA900ABB516 /* Build configuration list for PBXNativeTarget "mactierra" */;
			buildPhases = (
				0FBEC0400E56AF7A00ABB516 /* Sources */,
				0FBEC0410E56AF7A00ABB516 /* Frameworks */,
			);
			buildRules = (
			);
			dependencies = (
			);
			name = mactierra;
			productName = mactierra;
			productReference = 0FBEC0430E56AF7A00ABB516 /* mactierra */;
			productType = "com.apple.product-type.tool";
		};
		8D15AC270486D014006FF6A4 /* MacTierra */ = {
			isa = PBXNativeTarget;
			buildConfigurationList = C05733C708A9546B00998B17 /* Build configuration list for PBXNativeTarget "MacTierra" */;
			buildPhases = (
				8D15AC2B0486D014006FF6A4 /* Resources */,
				8D15AC300486D014006FF6A4 /* Sources */,
				8D15AC330486D014006FF6A4 /* Frameworks */,
			);
			buildRules = (
			);
			dependencies = (
			);
			name = MacTierra;
			productInstallPath = "$(HOME)/Applications";
			productName = MacTierra;
			productReference = 8D15AC370486D014006FF6A4 /* MacTierra.app */;
			productType = "com.apple.product-type.application";
		};
/* End PBXNativeTarget section */

/* Begin PBXProject section */
		2A37F4A9FDCFA73011CA2CEA /* Project object */ = {
			isa = PBXProject;
			buildConfigurationList = C05733CB08A9546B00998B17 /* Build configuration list for PBXProject "MacTierra" */;
			compatibilityVersion = "Xcode 3.1";
			hasScannedForEncodings = 1;
			mainGroup = 2A37F4AAFDCFA73011CA2CEA /* MacTierra */;
			projectDirPath = "";
			projectRoot = "";
			targets = (
				8D15AC270486D014006FF6A4 /* MacTierra */,
				0F0C94980E514AD700B233E8 /* TestRunner */,
				0FBEC0420E56AF7A00ABB516 /* mactierra */,
			);
		};
/* End PBXProject section */

/* Begin PBXResourcesBuildPhase section */
		8D15AC2B0486D014006FF6A4 /* Resources */ = {
			isa = PBXResourcesBuildPhase;
			buildActionMask = 2147483647;
			files = (
				8D15AC2C0486D014006FF6A4 /* Credits.rtf in Resources */,
				8D15AC2F0486D014006FF6A4 /* InfoPlist.strings in Resources */,
				1DDD582C0DA1D0D100B32029 /* MacTierraDocument.xib in Resources */,
				1DDD582D0DA1D0D100B32029 /* MainMenu.xib in Resources */,
				0FA56BAB0E5A64E20001E997 /* Localizable.strings in Resources */,
			);
			runOnlyForDeploymentPostprocessing = 0;
		};
/* End PBXResourcesBuildPhase section */

/* Begin PBXSourcesBuildPhase section */
		0F0C94960E514AD700B233E8 /* Sources */ = {
			isa = PBXSourcesBuildPhase;
			buildActionMask = 2147483647;
			files = (
				0F0C949E0E514AE200B233E8 /* ReaperTests.cpp in Sources */,
				0F0C949F0E514AE200B233E8 /* TestRunner.cpp in Sources */,
				0F0C94A90E514AEF00B233E8 /* Random.cpp in Sources */,
				0F0C963F0E51620100B233E8 /* SlicerTests.cpp in Sources */,
				0FB90D330E52A72900449CC6 /* CellMapTests.cpp in Sources */,
				0F9DEE3E0E57CDCD00E86DD6 /* CPUTests.cpp in Sources */,
				0FBB06920E5A984B007F2A6B /* MT_TimeSlicer.cpp in Sources */,
				0FBB06930E5A984B007F2A6B /* MT_CellMap.cpp in Sources */,
				0FBB06940E5A984B007F2A6B /* MT_World.cpp in Sources */,
				0FBB06950E5A984B007F2A6B /* MT_Cpu.cpp in Sources */,
				0FBB06960E5A984B007F2A6B /* MT_Creature.cpp in Sources */,
				0FBB06970E5A984B007F2A6B /* MT_Soup.cpp in Sources */,
				0FBB06980E5A984B007F2A6B /* MT_ExecutionUnit.cpp in Sources */,
				0FBB06990E5A984B007F2A6B /* MT_Reaper.cpp in Sources */,
				0FBB069A0E5A984B007F2A6B /* MT_ExecutionUnit0.cpp in Sources */,
				0FBB069B0E5A984B007F2A6B /* MT_Assert.cpp in Sources */,
				0FBB069C0E5A984B007F2A6B /* MT_Ancestor.cpp in Sources */,
				0FBB06FA0E5A9A78007F2A6B /* MT_Genebank.cpp in Sources */,
				0FBB07040E5A9B51007F2A6B /* MT_Inventory.cpp in Sources */,
				0FBB07110E5A9BF0007F2A6B /* MT_Genotype.cpp in Sources */,
			);
			runOnlyForDeploymentPostprocessing = 0;
		};
		0FBEC0400E56AF7A00ABB516 /* Sources */ = {
			isa = PBXSourcesBuildPhase;
			buildActionMask = 2147483647;
			files = (
				0FBEC0530E56AF9500ABB516 /* Random.cpp in Sources */,
				0FBEC06D0E56AFEB00ABB516 /* mactierra.cpp in Sources */,
				0FBB069D0E5A984B007F2A6B /* MT_TimeSlicer.cpp in Sources */,
				0FBB069E0E5A984B007F2A6B /* MT_CellMap.cpp in Sources */,
				0FBB069F0E5A984B007F2A6B /* MT_World.cpp in Sources */,
				0FBB06A00E5A984B007F2A6B /* MT_Cpu.cpp in Sources */,
				0FBB06A10E5A984B007F2A6B /* MT_Creature.cpp in Sources */,
				0FBB06A20E5A984B007F2A6B /* MT_Soup.cpp in Sources */,
				0FBB06A30E5A984B007F2A6B /* MT_ExecutionUnit.cpp in Sources */,
				0FBB06A40E5A984B007F2A6B /* MT_Reaper.cpp in Sources */,
				0FBB06A50E5A984B007F2A6B /* MT_ExecutionUnit0.cpp in Sources */,
				0FBB06A60E5A984B007F2A6B /* MT_Assert.cpp in Sources */,
				0FBB06A70E5A984B007F2A6B /* MT_Ancestor.cpp in Sources */,
				0FBB06FC0E5A9A78007F2A6B /* MT_Genebank.cpp in Sources */,
				0FBB07060E5A9B51007F2A6B /* MT_Inventory.cpp in Sources */,
				0FBB07130E5A9BF0007F2A6B /* MT_Genotype.cpp in Sources */,
			);
			runOnlyForDeploymentPostprocessing = 0;
		};
		8D15AC300486D014006FF6A4 /* Sources */ = {
			isa = PBXSourcesBuildPhase;
			buildActionMask = 2147483647;
			files = (
				8D15AC320486D014006FF6A4 /* main.m in Sources */,
				0FFF645E0E4FE38E00404828 /* Random.cpp in Sources */,
				0F9DE5D60E575DAD00E86DD6 /* MTWorldController.mm in Sources */,
				0F9DE5DA0E575DB300E86DD6 /* MacTierraDocument.mm in Sources */,
				0F9DE5DE0E575DB800E86DD6 /* MTSoupView.mm in Sources */,
				0F9DE5E60E575FDB00E86DD6 /* MTCompositedGLView.m in Sources */,
				0FA56D370E5A8ACE0001E997 /* MTInstructionCountFormatter.m in Sources */,
				0FBB06870E5A984B007F2A6B /* MT_TimeSlicer.cpp in Sources */,
				0FBB06880E5A984B007F2A6B /* MT_CellMap.cpp in Sources */,
				0FBB06890E5A984B007F2A6B /* MT_World.cpp in Sources */,
				0FBB068A0E5A984B007F2A6B /* MT_Cpu.cpp in Sources */,
				0FBB068B0E5A984B007F2A6B /* MT_Creature.cpp in Sources */,
				0FBB068C0E5A984B007F2A6B /* MT_Soup.cpp in Sources */,
				0FBB068D0E5A984B007F2A6B /* MT_ExecutionUnit.cpp in Sources */,
				0FBB068E0E5A984B007F2A6B /* MT_Reaper.cpp in Sources */,
				0FBB068F0E5A984B007F2A6B /* MT_ExecutionUnit0.cpp in Sources */,
				0FBB06900E5A984B007F2A6B /* MT_Assert.cpp in Sources */,
				0FBB06910E5A984B007F2A6B /* MT_Ancestor.cpp in Sources */,
				0FBB06FB0E5A9A78007F2A6B /* MT_Genebank.cpp in Sources */,
				0FBB07050E5A9B51007F2A6B /* MT_Inventory.cpp in Sources */,
				0FBB07120E5A9BF0007F2A6B /* MT_Genotype.cpp in Sources */,
				0FB043FC0E5D2FCD0024DF67 /* MTInventoryGenotype.mm in Sources */,
				0FB0442B0E5D325B0024DF67 /* MTInventoryController.mm in Sources */,
				0FB044E90E5D3B990024DF67 /* MTCreature.mm in Sources */,
				0F8C67AA0E5E5A5900A72FC1 /* NSStringAdditions.m in Sources */,
				0F63B1030E5E6A54005793DE /* MTDocumentController.m in Sources */,
			);
			runOnlyForDeploymentPostprocessing = 0;
		};
/* End PBXSourcesBuildPhase section */

/* Begin PBXVariantGroup section */
		089C165FFE840EACC02AAC07 /* InfoPlist.strings */ = {
			isa = PBXVariantGroup;
			children = (
				089C1660FE840EACC02AAC07 /* English */,
			);
			name = InfoPlist.strings;
			sourceTree = "<group>";
		};
		1DDD58280DA1D0D100B32029 /* MacTierraDocument.xib */ = {
			isa = PBXVariantGroup;
			children = (
				1DDD58290DA1D0D100B32029 /* English */,
			);
			name = MacTierraDocument.xib;
			sourceTree = "<group>";
		};
		1DDD582A0DA1D0D100B32029 /* MainMenu.xib */ = {
			isa = PBXVariantGroup;
			children = (
				1DDD582B0DA1D0D100B32029 /* English */,
			);
			name = MainMenu.xib;
			sourceTree = "<group>";
		};
		2A37F4B9FDCFA73011CA2CEA /* Credits.rtf */ = {
			isa = PBXVariantGroup;
			children = (
				2A37F4BAFDCFA73011CA2CEA /* English */,
			);
			name = Credits.rtf;
			sourceTree = "<group>";
		};
/* End PBXVariantGroup section */

/* Begin XCBuildConfiguration section */
		0F0C949B0E514AD800B233E8 /* Debug */ = {
			isa = XCBuildConfiguration;
			buildSettings = {
				ALWAYS_SEARCH_USER_PATHS = NO;
				COPY_PHASE_STRIP = NO;
				GCC_DYNAMIC_NO_PIC = NO;
				GCC_ENABLE_FIX_AND_CONTINUE = YES;
				GCC_MODEL_TUNING = G5;
				GCC_OPTIMIZATION_LEVEL = 0;
				INSTALL_PATH = /usr/local/bin;
				PREBINDING = NO;
				PRODUCT_NAME = TestRunner;
			};
			name = Debug;
		};
		0F0C949C0E514AD800B233E8 /* Release */ = {
			isa = XCBuildConfiguration;
			buildSettings = {
				ALWAYS_SEARCH_USER_PATHS = NO;
				COPY_PHASE_STRIP = YES;
				DEBUG_INFORMATION_FORMAT = "dwarf-with-dsym";
				GCC_ENABLE_FIX_AND_CONTINUE = NO;
				GCC_MODEL_TUNING = G5;
				INSTALL_PATH = /usr/local/bin;
				PREBINDING = NO;
				PRODUCT_NAME = TestRunner;
				ZERO_LINK = NO;
			};
			name = Release;
		};
		0FBEC0450E56AF7A00ABB516 /* Debug */ = {
			isa = XCBuildConfiguration;
			buildSettings = {
				ALWAYS_SEARCH_USER_PATHS = NO;
				COPY_PHASE_STRIP = NO;
				GCC_DYNAMIC_NO_PIC = NO;
				GCC_ENABLE_FIX_AND_CONTINUE = YES;
				GCC_MODEL_TUNING = G5;
				GCC_OPTIMIZATION_LEVEL = 0;
				INSTALL_PATH = /usr/local/bin;
				PREBINDING = NO;
				PRODUCT_NAME = mactierra;
			};
			name = Debug;
		};
		0FBEC0460E56AF7A00ABB516 /* Release */ = {
			isa = XCBuildConfiguration;
			buildSettings = {
				ALWAYS_SEARCH_USER_PATHS = NO;
				COPY_PHASE_STRIP = YES;
				DEBUG_INFORMATION_FORMAT = "dwarf-with-dsym";
				GCC_ENABLE_FIX_AND_CONTINUE = NO;
				GCC_MODEL_TUNING = G5;
				INSTALL_PATH = /usr/local/bin;
				PREBINDING = NO;
				PRODUCT_NAME = mactierra;
				ZERO_LINK = NO;
			};
			name = Release;
		};
		C05733C808A9546B00998B17 /* Debug */ = {
			isa = XCBuildConfiguration;
			buildSettings = {
				ALWAYS_SEARCH_USER_PATHS = NO;
				COPY_PHASE_STRIP = NO;
				GCC_DYNAMIC_NO_PIC = NO;
				GCC_ENABLE_FIX_AND_CONTINUE = YES;
				GCC_MODEL_TUNING = G5;
				GCC_OPTIMIZATION_LEVEL = 0;
				GCC_PRECOMPILE_PREFIX_HEADER = YES;
				GCC_PREFIX_HEADER = Source/userinterface/cocoa/MacTierra_Prefix.pch;
				INFOPLIST_FILE = Resources/Info.plist;
				INSTALL_PATH = "$(HOME)/Applications";
				PRODUCT_NAME = MacTierra;
			};
			name = Debug;
		};
		C05733C908A9546B00998B17 /* Release */ = {
			isa = XCBuildConfiguration;
			buildSettings = {
				ALWAYS_SEARCH_USER_PATHS = NO;
				DEBUG_INFORMATION_FORMAT = "dwarf-with-dsym";
				GCC_MODEL_TUNING = G5;
				GCC_PRECOMPILE_PREFIX_HEADER = YES;
				GCC_PREFIX_HEADER = Source/userinterface/cocoa/MacTierra_Prefix.pch;
				INFOPLIST_FILE = Resources/Info.plist;
				INSTALL_PATH = "$(HOME)/Applications";
				PRODUCT_NAME = MacTierra;
			};
			name = Release;
		};
		C05733CC08A9546B00998B17 /* Debug */ = {
			isa = XCBuildConfiguration;
			buildSettings = {
				ARCHS = "$(ARCHS_STANDARD_32_BIT)";
				GCC_C_LANGUAGE_STANDARD = c99;
				GCC_OPTIMIZATION_LEVEL = 0;
				GCC_TREAT_IMPLICIT_FUNCTION_DECLARATIONS_AS_ERRORS = YES;
				GCC_WARN_ABOUT_RETURN_TYPE = YES;
				GCC_WARN_CHECK_SWITCH_STATEMENTS = YES;
				GCC_WARN_HIDDEN_VIRTUAL_FUNCTIONS = YES;
				GCC_WARN_NON_VIRTUAL_DESTRUCTOR = YES;
				GCC_WARN_SHADOW = NO;
				GCC_WARN_TYPECHECK_CALLS_TO_PRINTF = YES;
				GCC_WARN_UNINITIALIZED_AUTOS = NO;
				GCC_WARN_UNUSED_VARIABLE = YES;
				HEADER_SEARCH_PATHS = Source;
				ONLY_ACTIVE_ARCH = YES;
				OTHER_CFLAGS = "-DBOOST_ENABLE_ASSERT_HANDLER";
				PREBINDING = NO;
				SDKROOT = macosx10.5;
			};
			name = Debug;
		};
		C05733CD08A9546B00998B17 /* Release */ = {
			isa = XCBuildConfiguration;
			buildSettings = {
				ARCHS = "$(ARCHS_STANDARD_32_BIT)";
				GCC_C_LANGUAGE_STANDARD = c99;
				GCC_TREAT_IMPLICIT_FUNCTION_DECLARATIONS_AS_ERRORS = YES;
				GCC_WARN_ABOUT_RETURN_TYPE = YES;
				GCC_WARN_CHECK_SWITCH_STATEMENTS = YES;
				GCC_WARN_HIDDEN_VIRTUAL_FUNCTIONS = YES;
				GCC_WARN_NON_VIRTUAL_DESTRUCTOR = YES;
				GCC_WARN_SHADOW = NO;
				GCC_WARN_TYPECHECK_CALLS_TO_PRINTF = YES;
				GCC_WARN_UNINITIALIZED_AUTOS = YES;
				GCC_WARN_UNUSED_VARIABLE = YES;
				HEADER_SEARCH_PATHS = Source;
				OTHER_CFLAGS = (
					"-DBOOST_ENABLE_ASSERT_HANDLER",
					"-DNDEBUG",
				);
				OTHER_CPLUSPLUSFLAGS = (
					"$(OTHER_CFLAGS)",
					"-DBOOST_DISABLE_ASSERTS",
				);
				PREBINDING = NO;
				SDKROOT = macosx10.5;
			};
			name = Release;
		};
/* End XCBuildConfiguration section */

/* Begin XCConfigurationList section */
		0F0C94BB0E514B1D00B233E8 /* Build configuration list for PBXNativeTarget "TestRunner" */ = {
			isa = XCConfigurationList;
			buildConfigurations = (
				0F0C949B0E514AD800B233E8 /* Debug */,
				0F0C949C0E514AD800B233E8 /* Release */,
			);
			defaultConfigurationIsVisible = 0;
			defaultConfigurationName = Release;
		};
		0FBEC0620E56AFA900ABB516 /* Build configuration list for PBXNativeTarget "mactierra" */ = {
			isa = XCConfigurationList;
			buildConfigurations = (
				0FBEC0450E56AF7A00ABB516 /* Debug */,
				0FBEC0460E56AF7A00ABB516 /* Release */,
			);
			defaultConfigurationIsVisible = 0;
			defaultConfigurationName = Release;
		};
		C05733C708A9546B00998B17 /* Build configuration list for PBXNativeTarget "MacTierra" */ = {
			isa = XCConfigurationList;
			buildConfigurations = (
				C05733C808A9546B00998B17 /* Debug */,
				C05733C908A9546B00998B17 /* Release */,
			);
			defaultConfigurationIsVisible = 0;
			defaultConfigurationName = Release;
		};
		C05733CB08A9546B00998B17 /* Build configuration list for PBXProject "MacTierra" */ = {
			isa = XCConfigurationList;
			buildConfigurations = (
				C05733CC08A9546B00998B17 /* Debug */,
				C05733CD08A9546B00998B17 /* Release */,
			);
			defaultConfigurationIsVisible = 0;
			defaultConfigurationName = Release;
		};
/* End XCConfigurationList section */
	};
	rootObject = 2A37F4A9FDCFA73011CA2CEA /* Project object */;
}
